<?xml version="1.0" encoding="utf-8"?>
<Project ToolsVersion="4.0" xmlns="http://schemas.microsoft.com/developer/msbuild/2003">
  <ItemGroup>
    <Filter Include="Onyx">
      <UniqueIdentifier>{73458A7C-5F7C-8B0D-0869-7110F47E070F}</UniqueIdentifier>
    </Filter>
    <Filter Include="Onyx\Events">
      <UniqueIdentifier>{F7F1B268-63A7-2B5E-EC9B-253558502262}</UniqueIdentifier>
    </Filter>
    <Filter Include="Onyx\ImGui">
      <UniqueIdentifier>{DDC4DBB5-C97C-1D03-3284-F65E1E5BB8F3}</UniqueIdentifier>
    </Filter>
    <Filter Include="Onyx\Platform">
      <UniqueIdentifier>{2753557D-9313-D1B3-5C4E-1A31C8CD1590}</UniqueIdentifier>
    </Filter>
    <Filter Include="Onyx\Platform\Windows">
      <UniqueIdentifier>{6134FB9F-CDA0-B69A-9694-4EF802C0D802}</UniqueIdentifier>
    </Filter>
  </ItemGroup>
  <ItemGroup>
    <ClInclude Include="src\Onyx.h" />
    <ClInclude Include="src\Onyx\Application.h">
      <Filter>Onyx</Filter>
    </ClInclude>
    <ClInclude Include="src\Onyx\Core.h">
      <Filter>Onyx</Filter>
    </ClInclude>
    <ClInclude Include="src\Onyx\EntryPoint.h">
      <Filter>Onyx</Filter>
    </ClInclude>
    <ClInclude Include="src\Onyx\Events\ApplicationEvent.h">
      <Filter>Onyx\Events</Filter>
    </ClInclude>
    <ClInclude Include="src\Onyx\Events\Event.h">
      <Filter>Onyx\Events</Filter>
    </ClInclude>
    <ClInclude Include="src\Onyx\Events\KeyEvent.h">
      <Filter>Onyx\Events</Filter>
    </ClInclude>
    <ClInclude Include="src\Onyx\Events\MouseEvent.h">
      <Filter>Onyx\Events</Filter>
    </ClInclude>
    <ClInclude Include="src\Onyx\ImGui\ImGuiLayer.h">
      <Filter>Onyx\ImGui</Filter>
    </ClInclude>
    <ClInclude Include="src\Onyx\Layer.h">
      <Filter>Onyx</Filter>
    </ClInclude>
    <ClInclude Include="src\Onyx\LayerStack.h">
      <Filter>Onyx</Filter>
    </ClInclude>
    <ClInclude Include="src\Onyx\Log.h">
      <Filter>Onyx</Filter>
    </ClInclude>
    <ClInclude Include="src\Onyx\Platform\Windows\WindowsWindowGL.h">
      <Filter>Onyx\Platform\Windows</Filter>
    </ClInclude>
    <ClInclude Include="src\Onyx\Window.h">
      <Filter>Onyx</Filter>
    </ClInclude>
    <ClInclude Include="src\OnyxPch.h" />
    <ClInclude Include="Vector.h" />
  </ItemGroup>
  <ItemGroup>
    <ClCompile Include="src\Onyx\Application.cpp">
      <Filter>Onyx</Filter>
    </ClCompile>
    <ClCompile Include="src\Onyx\ImGui\ImGuiLayer.cpp">
      <Filter>Onyx\ImGui</Filter>
    </ClCompile>
    <ClCompile Include="src\Onyx\Layer.cpp">
      <Filter>Onyx</Filter>
    </ClCompile>
    <ClCompile Include="src\Onyx\LayerStack.cpp">
      <Filter>Onyx</Filter>
    </ClCompile>
    <ClCompile Include="src\Onyx\Log.cpp">
      <Filter>Onyx</Filter>
    </ClCompile>
    <ClCompile Include="src\Onyx\Platform\Windows\WindowsWindowGL.cpp">
      <Filter>Onyx\Platform\Windows</Filter>
    </ClCompile>
    <ClCompile Include="src\OnyxPch.cpp" />
    <ClCompile Include="src\Onyx\ImGui\generic .cpp" />
  </ItemGroup>
</Project>