<?xml version="1.0" encoding="utf-8"?>
<Project ToolsVersion="4.0" xmlns="http://schemas.microsoft.com/developer/msbuild/2003">
  <ItemGroup>
    <Filter Include="Onyx">
      <UniqueIdentifier>{73458A7C-5F7C-8B0D-0869-7110F47E070F}</UniqueIdentifier>
    </Filter>
  </ItemGroup>
  <ItemGroup>
    <ClInclude Include="src\Onyx.h" />
    <ClInclude Include="src\Onyx\Application.h">
      <Filter>Onyx</Filter>
    </ClInclude>
    <ClInclude Include="src\Onyx\Core.h">
      <Filter>Onyx</Filter>
    </ClInclude>
    <ClInclude Include="src\Onyx\EntryPoint.h">
      <Filter>Onyx</Filter>
    </ClInclude>
    <ClInclude Include="src\Onyx\Log.h">
      <Filter>Onyx</Filter>
    </ClInclude>
    <ClInclude Include="src\OnyxPch.h" />
    <ClInclude Include="src\Onyx\Events\Event.h" />
    <ClInclude Include="src\Onyx\Events\KeyEvent.h" />
    <ClInclude Include="src\Onyx\Events\MouseEvent.h" />
    <ClInclude Include="src\Onyx\Events\ApplicationEvent.h" />
  </ItemGroup>
  <ItemGroup>
    <ClCompile Include="src\Onyx\Application.cpp">
      <Filter>Onyx</Filter>
    </ClCompile>
    <ClCompile Include="src\Onyx\Log.cpp">
      <Filter>Onyx</Filter>
    </ClCompile>
    <ClCompile Include="src\OnyxPch.cpp" />
  </ItemGroup>
</Project>